
Microsoft Visual Studio Solution File, Format Version 12.00
# Visual Studio Version 17
VisualStudioVersion = 17.4.33110.190
MinimumVisualStudioVersion = 10.0.40219.1
Project("{F184B08F-C81C-45F6-A57F-5ABD9991F28F}") = "Proyecto_Final_Austin_Brenes", "Proyecto_Final_Austin_Brenes.vbproj", "{0EDBFDE2-342D-4A1B-91BC-818DB208B7DE}"
EndProject
Global
	GlobalSection(SolutionConfigurationPlatforms) = preSolution
		Debug|Any CPU = Debug|Any CPU
		Release|Any CPU = Release|Any CPU
	EndGlobalSection
	GlobalSection(ProjectConfigurationPlatforms) = postSolution
		{0EDBFDE2-342D-4A1B-91BC-818DB208B7DE}.Debug|Any CPU.ActiveCfg = Debug|Any CPU
		{0EDBFDE2-342D-4A1B-91BC-818DB208B7DE}.Debug|Any CPU.Build.0 = Debug|Any CPU
		{0EDBFDE2-342D-4A1B-91BC-818DB208B7DE}.Release|Any CPU.ActiveCfg = Release|Any CPU
		{0EDBFDE2-342D-4A1B-91BC-818DB208B7DE}.Release|Any CPU.Build.0 = Release|Any CPU
	EndGlobalSection
	GlobalSection(SolutionProperties) = preSolution
		HideSolutionNode = FALSE
	EndGlobalSection
	GlobalSection(ExtensibilityGlobals) = postSolution
		SolutionGuid = {FC16478A-F361-4293-AEDC-857E8863EC06}
	EndGlobalSection
EndGlobal
